
Microsoft Visual Studio Solution File, Format Version 12.00
Project("{FAE04EC0-301F-11D3-BF4B-00C04F79EFBC}") = "defuse the bomb", "defuse the bomb\defuse the bomb.csproj", "{69D7A9B6-D7EF-4D52-BF31-4529AC5334B0}"
EndProject
Global
	GlobalSection(SolutionConfigurationPlatforms) = preSolution
		Debug|Any CPU = Debug|Any CPU
		Release|Any CPU = Release|Any CPU
	EndGlobalSection
	GlobalSection(ProjectConfigurationPlatforms) = postSolution
		{69D7A9B6-D7EF-4D52-BF31-4529AC5334B0}.Debug|Any CPU.ActiveCfg = Debug|Any CPU
		{69D7A9B6-D7EF-4D52-BF31-4529AC5334B0}.Debug|Any CPU.Build.0 = Debug|Any CPU
		{69D7A9B6-D7EF-4D52-BF31-4529AC5334B0}.Release|Any CPU.ActiveCfg = Release|Any CPU
		{69D7A9B6-D7EF-4D52-BF31-4529AC5334B0}.Release|Any CPU.Build.0 = Release|Any CPU
	EndGlobalSection
EndGlobal
