
Microsoft Visual Studio Solution File, Format Version 12.00
Project("{FAE04EC0-301F-11D3-BF4B-00C04F79EFBC}") = "merge k sorted lists", "merge k sorted lists\merge k sorted lists.csproj", "{DB9FE978-2051-4331-A586-CA51EF96164F}"
EndProject
Global
	GlobalSection(SolutionConfigurationPlatforms) = preSolution
		Debug|Any CPU = Debug|Any CPU
		Release|Any CPU = Release|Any CPU
	EndGlobalSection
	GlobalSection(ProjectConfigurationPlatforms) = postSolution
		{DB9FE978-2051-4331-A586-CA51EF96164F}.Debug|Any CPU.ActiveCfg = Debug|Any CPU
		{DB9FE978-2051-4331-A586-CA51EF96164F}.Debug|Any CPU.Build.0 = Debug|Any CPU
		{DB9FE978-2051-4331-A586-CA51EF96164F}.Release|Any CPU.ActiveCfg = Release|Any CPU
		{DB9FE978-2051-4331-A586-CA51EF96164F}.Release|Any CPU.Build.0 = Release|Any CPU
	EndGlobalSection
EndGlobal
