
Microsoft Visual Studio Solution File, Format Version 12.00
Project("{FAE04EC0-301F-11D3-BF4B-00C04F79EFBC}") = "best time to buy and sell stock", "best time to buy and sell stock\best time to buy and sell stock.csproj", "{BCB227FE-805C-4A49-A072-53DA4290FF30}"
EndProject
Global
	GlobalSection(SolutionConfigurationPlatforms) = preSolution
		Debug|Any CPU = Debug|Any CPU
		Release|Any CPU = Release|Any CPU
	EndGlobalSection
	GlobalSection(ProjectConfigurationPlatforms) = postSolution
		{BCB227FE-805C-4A49-A072-53DA4290FF30}.Debug|Any CPU.ActiveCfg = Debug|Any CPU
		{BCB227FE-805C-4A49-A072-53DA4290FF30}.Debug|Any CPU.Build.0 = Debug|Any CPU
		{BCB227FE-805C-4A49-A072-53DA4290FF30}.Release|Any CPU.ActiveCfg = Release|Any CPU
		{BCB227FE-805C-4A49-A072-53DA4290FF30}.Release|Any CPU.Build.0 = Release|Any CPU
	EndGlobalSection
EndGlobal
