
Microsoft Visual Studio Solution File, Format Version 12.00
Project("{FAE04EC0-301F-11D3-BF4B-00C04F79EFBC}") = "last stone weight", "last stone weight\last stone weight.csproj", "{2B7BC332-7B21-458F-823D-A6781A73EE39}"
EndProject
Global
	GlobalSection(SolutionConfigurationPlatforms) = preSolution
		Debug|Any CPU = Debug|Any CPU
		Release|Any CPU = Release|Any CPU
	EndGlobalSection
	GlobalSection(ProjectConfigurationPlatforms) = postSolution
		{2B7BC332-7B21-458F-823D-A6781A73EE39}.Debug|Any CPU.ActiveCfg = Debug|Any CPU
		{2B7BC332-7B21-458F-823D-A6781A73EE39}.Debug|Any CPU.Build.0 = Debug|Any CPU
		{2B7BC332-7B21-458F-823D-A6781A73EE39}.Release|Any CPU.ActiveCfg = Release|Any CPU
		{2B7BC332-7B21-458F-823D-A6781A73EE39}.Release|Any CPU.Build.0 = Release|Any CPU
	EndGlobalSection
EndGlobal
